{
  "name": "bobbysbrain",
  "lockfileVersion": 3,
  "requires": true,
  "packages": {
    "": {
      "dependencies": {
        "stockfish": "^15.0.0"
      }
    },
    "node_modules/stockfish": {
      "version": "15.0.0",
      "resolved": "https://registry.npmjs.org/stockfish/-/stockfish-15.0.0.tgz",
      "integrity": "sha512-ze3vTgMrnCmMdtC8qpONBdXkSHWwv4Dx+GFV1V5TIi0qP1HF+Vwa4lArgqvHDooU8Mwfs1cgRzkW3SM8x/7TJg==",
      "bin": {
        "stockfishjs": "stockfishjs"
      }
    }
  }
}
